
Microsoft Visual Studio Solution File, Format Version 12.00
# Visual Studio Version 16
VisualStudioVersion = 16.0.31613.86
MinimumVisualStudioVersion = 10.0.40219.1
Project("{FAE04EC0-301F-11D3-BF4B-00C04F79EFBC}") = "LaskinOhjelma", "LaskinOhjelma\LaskinOhjelma.csproj", "{9BD78208-717D-48A1-9DC8-031C44EED855}"
EndProject
Global
	GlobalSection(SolutionConfigurationPlatforms) = preSolution
		Debug|Any CPU = Debug|Any CPU
		Release|Any CPU = Release|Any CPU
	EndGlobalSection
	GlobalSection(ProjectConfigurationPlatforms) = postSolution
		{9BD78208-717D-48A1-9DC8-031C44EED855}.Debug|Any CPU.ActiveCfg = Debug|Any CPU
		{9BD78208-717D-48A1-9DC8-031C44EED855}.Debug|Any CPU.Build.0 = Debug|Any CPU
		{9BD78208-717D-48A1-9DC8-031C44EED855}.Release|Any CPU.ActiveCfg = Release|Any CPU
		{9BD78208-717D-48A1-9DC8-031C44EED855}.Release|Any CPU.Build.0 = Release|Any CPU
	EndGlobalSection
	GlobalSection(SolutionProperties) = preSolution
		HideSolutionNode = FALSE
	EndGlobalSection
	GlobalSection(ExtensibilityGlobals) = postSolution
		SolutionGuid = {AAFBBBD5-B6D4-4D66-9E06-33D6515CF933}
	EndGlobalSection
EndGlobal
